
Microsoft Visual Studio Solution File, Format Version 12.00
# Visual Studio Version 17
VisualStudioVersion = 17.0.31903.59
MinimumVisualStudioVersion = 10.0.40219.1
Project("{9A19103F-16F7-4668-BE54-9A1E7A4F7556}") = "ConsoleRPG", "ConsoleRPG.csproj", "{D8BE4DB7-F635-42FA-8357-159B64A41366}"
EndProject
Global
	GlobalSection(SolutionConfigurationPlatforms) = preSolution
		Debug|Any CPU = Debug|Any CPU
		Release|Any CPU = Release|Any CPU
	EndGlobalSection
	GlobalSection(ProjectConfigurationPlatforms) = postSolution
		{D8BE4DB7-F635-42FA-8357-159B64A41366}.Debug|Any CPU.ActiveCfg = Debug|Any CPU
		{D8BE4DB7-F635-42FA-8357-159B64A41366}.Debug|Any CPU.Build.0 = Debug|Any CPU
		{D8BE4DB7-F635-42FA-8357-159B64A41366}.Release|Any CPU.ActiveCfg = Release|Any CPU
		{D8BE4DB7-F635-42FA-8357-159B64A41366}.Release|Any CPU.Build.0 = Release|Any CPU
	EndGlobalSection
	GlobalSection(SolutionProperties) = preSolution
		HideSolutionNode = FALSE
	EndGlobalSection
	GlobalSection(ExtensibilityGlobals) = postSolution
		SolutionGuid = {02DEC3A5-5D68-4F89-B059-DBCFC8E715A2}
	EndGlobalSection
EndGlobal
